
Microsoft Visual Studio Solution File, Format Version 12.00
# Visual Studio Version 17
VisualStudioVersion = 17.8.34330.188
MinimumVisualStudioVersion = 10.0.40219.1
Project("{9A19103F-16F7-4668-BE54-9A1E7A4F7556}") = "HandMade.Web", "HandMade.Web\HandMade.Web.csproj", "{DD207544-DEB6-4BD4-9CC5-27EFD98BA0BA}"
EndProject
Project("{9A19103F-16F7-4668-BE54-9A1E7A4F7556}") = "HandMade.Entities", "..\HandMade.Entities\HandMade.Entities.csproj", "{2ED6AB75-A192-4CA9-9DE7-832B1811144B}"
EndProject
Project("{9A19103F-16F7-4668-BE54-9A1E7A4F7556}") = "HandMade.DataAccess", "..\HandMade.DataAccess\HandMade.DataAccess.csproj", "{95D08BA8-B8E7-45F3-A669-A26115B026B9}"
EndProject
Global
	GlobalSection(SolutionConfigurationPlatforms) = preSolution
		Debug|Any CPU = Debug|Any CPU
		Release|Any CPU = Release|Any CPU
	EndGlobalSection
	GlobalSection(ProjectConfigurationPlatforms) = postSolution
		{DD207544-DEB6-4BD4-9CC5-27EFD98BA0BA}.Debug|Any CPU.ActiveCfg = Debug|Any CPU
		{DD207544-DEB6-4BD4-9CC5-27EFD98BA0BA}.Debug|Any CPU.Build.0 = Debug|Any CPU
		{DD207544-DEB6-4BD4-9CC5-27EFD98BA0BA}.Release|Any CPU.ActiveCfg = Release|Any CPU
		{DD207544-DEB6-4BD4-9CC5-27EFD98BA0BA}.Release|Any CPU.Build.0 = Release|Any CPU
		{2ED6AB75-A192-4CA9-9DE7-832B1811144B}.Debug|Any CPU.ActiveCfg = Debug|Any CPU
		{2ED6AB75-A192-4CA9-9DE7-832B1811144B}.Debug|Any CPU.Build.0 = Debug|Any CPU
		{2ED6AB75-A192-4CA9-9DE7-832B1811144B}.Release|Any CPU.ActiveCfg = Release|Any CPU
		{2ED6AB75-A192-4CA9-9DE7-832B1811144B}.Release|Any CPU.Build.0 = Release|Any CPU
		{95D08BA8-B8E7-45F3-A669-A26115B026B9}.Debug|Any CPU.ActiveCfg = Debug|Any CPU
		{95D08BA8-B8E7-45F3-A669-A26115B026B9}.Debug|Any CPU.Build.0 = Debug|Any CPU
		{95D08BA8-B8E7-45F3-A669-A26115B026B9}.Release|Any CPU.ActiveCfg = Release|Any CPU
		{95D08BA8-B8E7-45F3-A669-A26115B026B9}.Release|Any CPU.Build.0 = Release|Any CPU
	EndGlobalSection
	GlobalSection(SolutionProperties) = preSolution
		HideSolutionNode = FALSE
	EndGlobalSection
	GlobalSection(ExtensibilityGlobals) = postSolution
		SolutionGuid = {A1ED2F80-BEBB-43F2-8902-5A1F3CCB326C}
	EndGlobalSection
EndGlobal
